
Microsoft Visual Studio Solution File, Format Version 11.00
# Visual Studio 2010
Project("{8BC9CEB8-8B4A-11D0-8D11-00A0C91BC942}") = "CRAB", "CRAB\CRAB.vcxproj", "{AE747993-04A9-41AA-90CC-F0336EE7751B}"
EndProject
Global
	GlobalSection(SolutionConfigurationPlatforms) = preSolution
		Debug|Win32 = Debug|Win32
		Release|Win32 = Release|Win32
	EndGlobalSection
	GlobalSection(ProjectConfigurationPlatforms) = postSolution
		{AE747993-04A9-41AA-90CC-F0336EE7751B}.Debug|Win32.ActiveCfg = Debug|Win32
		{AE747993-04A9-41AA-90CC-F0336EE7751B}.Debug|Win32.Build.0 = Debug|Win32
		{AE747993-04A9-41AA-90CC-F0336EE7751B}.Release|Win32.ActiveCfg = Release|Win32
		{AE747993-04A9-41AA-90CC-F0336EE7751B}.Release|Win32.Build.0 = Release|Win32
	EndGlobalSection
	GlobalSection(SolutionProperties) = preSolution
		HideSolutionNode = FALSE
	EndGlobalSection
EndGlobal
