<?xml version="1.0" encoding="utf-8"?>
<Project ToolsVersion="4.0" xmlns="http://schemas.microsoft.com/developer/msbuild/2003">
  <ItemGroup>
    <Filter Include="Source Files">
      <UniqueIdentifier>{4FC737F1-C7A5-4376-A066-2A32D752A2FF}</UniqueIdentifier>
      <Extensions>cpp;c;cc;cxx;def;odl;idl;hpj;bat;asm;asmx</Extensions>
    </Filter>
    <Filter Include="Header Files">
      <UniqueIdentifier>{93995380-89BD-4b04-88EB-625FBE52EBFB}</UniqueIdentifier>
      <Extensions>h;hpp;hxx;hm;inl;inc;xsd</Extensions>
    </Filter>
    <Filter Include="Resource Files">
      <UniqueIdentifier>{67DA6AB6-F800-4c08-8B7A-83BB121AAD01}</UniqueIdentifier>
      <Extensions>rc;ico;cur;bmp;dlg;rc2;rct;bin;rgs;gif;jpg;jpeg;jpe;resx;tiff;tif;png;wav;mfcribbon-ms</Extensions>
    </Filter>
    <Filter Include="Header Files\rapidxml">
      <UniqueIdentifier>{53fcd949-1e9a-423c-803f-2778fb4eec63}</UniqueIdentifier>
    </Filter>
    <Filter Include="Header Files\States">
      <UniqueIdentifier>{a1251437-f56c-4cd1-a999-f85ad96bca2d}</UniqueIdentifier>
    </Filter>
    <Filter Include="Source Files\States">
      <UniqueIdentifier>{6bcea590-9f50-4956-a614-7195298ecf5d}</UniqueIdentifier>
    </Filter>
    <Filter Include="Header Files\UI">
      <UniqueIdentifier>{fa2f2c15-1963-4e8c-97e4-50a57aae051d}</UniqueIdentifier>
    </Filter>
    <Filter Include="Source Files\UI">
      <UniqueIdentifier>{e1957c26-bd97-4313-93d6-0bb108ea7f35}</UniqueIdentifier>
    </Filter>
    <Filter Include="Header Files\Assets">
      <UniqueIdentifier>{423a5f24-314f-4497-9bc4-5f99ac7767d7}</UniqueIdentifier>
    </Filter>
    <Filter Include="Header Files\Drawing">
      <UniqueIdentifier>{0e4cfabb-0b72-4b43-be31-68d11cba771e}</UniqueIdentifier>
    </Filter>
    <Filter Include="Source Files\Drawing">
      <UniqueIdentifier>{fb8b1ba5-bd93-49e1-b0d5-f45650b84107}</UniqueIdentifier>
    </Filter>
    <Filter Include="Source Files\Assets">
      <UniqueIdentifier>{9e7bbbe2-b762-4920-a56c-0927774ae2bb}</UniqueIdentifier>
    </Filter>
    <Filter Include="Header Files\Utils">
      <UniqueIdentifier>{6ecdf576-ce2e-4779-9fc7-485e24ed693d}</UniqueIdentifier>
    </Filter>
    <Filter Include="Source Files\Utils">
      <UniqueIdentifier>{d46e5d37-b3c6-4d7c-9355-8f51e738e2cf}</UniqueIdentifier>
    </Filter>
    <Filter Include="Header Files\Events">
      <UniqueIdentifier>{b8cf07a6-542b-41c6-984a-4a4eb16b10ad}</UniqueIdentifier>
    </Filter>
    <Filter Include="Source Files\Events">
      <UniqueIdentifier>{d76d522c-442a-43f6-b23b-f65df4ec9075}</UniqueIdentifier>
    </Filter>
    <Filter Include="Header Files\Objects">
      <UniqueIdentifier>{26382342-b8fd-4eaf-a074-b768f02c2af7}</UniqueIdentifier>
    </Filter>
    <Filter Include="Source Files\Objects">
      <UniqueIdentifier>{20a0e016-c10c-4cf6-bfad-6c2307260d58}</UniqueIdentifier>
    </Filter>
  </ItemGroup>
  <ItemGroup>
    <ClCompile Include="main.cpp">
      <Filter>Source Files</Filter>
    </ClCompile>
    <ClCompile Include="mainmenu.cpp">
      <Filter>Source Files\States</Filter>
    </ClCompile>
    <ClCompile Include="splash.cpp">
      <Filter>Source Files\States</Filter>
    </ClCompile>
    <ClCompile Include="button.cpp">
      <Filter>Source Files\UI</Filter>
    </ClCompile>
    <ClCompile Include="cursor.cpp">
      <Filter>Source Files\UI</Filter>
    </ClCompile>
    <ClCompile Include="menu.cpp">
      <Filter>Source Files\UI</Filter>
    </ClCompile>
    <ClCompile Include="slider.cpp">
      <Filter>Source Files\UI</Filter>
    </ClCompile>
    <ClCompile Include="textarea.cpp">
      <Filter>Source Files\UI</Filter>
    </ClCompile>
    <ClCompile Include="graphics.cpp">
      <Filter>Source Files\Drawing</Filter>
    </ClCompile>
    <ClCompile Include="AssetManager.cpp">
      <Filter>Source Files\Assets</Filter>
    </ClCompile>
    <ClCompile Include="timer.cpp">
      <Filter>Source Files\Utils</Filter>
    </ClCompile>
    <ClCompile Include="game.cpp">
      <Filter>Source Files\States</Filter>
    </ClCompile>
    <ClCompile Include="loaders.cpp">
      <Filter>Source Files\Utils</Filter>
    </ClCompile>
    <ClCompile Include="EventSequence.cpp">
      <Filter>Source Files\Events</Filter>
    </ClCompile>
    <ClCompile Include="gameevent.cpp">
      <Filter>Source Files\Events</Filter>
    </ClCompile>
    <ClCompile Include="gameeventmanager.cpp">
      <Filter>Source Files\Events</Filter>
    </ClCompile>
    <ClCompile Include="level.cpp">
      <Filter>Source Files\Objects</Filter>
    </ClCompile>
    <ClCompile Include="object.cpp">
      <Filter>Source Files\Objects</Filter>
    </ClCompile>
    <ClCompile Include="PopUp.cpp">
      <Filter>Source Files\Objects</Filter>
    </ClCompile>
    <ClCompile Include="sprite.cpp">
      <Filter>Source Files\Objects</Filter>
    </ClCompile>
    <ClCompile Include="map.cpp">
      <Filter>Source Files\Objects</Filter>
    </ClCompile>
    <ClCompile Include="animation.cpp">
      <Filter>Source Files\Drawing</Filter>
    </ClCompile>
    <ClCompile Include="dialogbox.cpp">
      <Filter>Source Files\UI</Filter>
    </ClCompile>
    <ClCompile Include="Conversation.cpp">
      <Filter>Source Files\UI</Filter>
    </ClCompile>
    <ClCompile Include="ObjectHandler.cpp">
      <Filter>Source Files\Objects</Filter>
    </ClCompile>
    <ClCompile Include="hud.cpp">
      <Filter>Source Files\UI</Filter>
    </ClCompile>
    <ClCompile Include="FightInput.cpp">
      <Filter>Source Files\Events</Filter>
    </ClCompile>
    <ClCompile Include="LevelLayer.cpp">
      <Filter>Source Files\Objects</Filter>
    </ClCompile>
    <ClCompile Include="GameObjective.cpp">
      <Filter>Source Files\Events</Filter>
    </ClCompile>
    <ClCompile Include="inputval.cpp">
      <Filter>Source Files\Utils</Filter>
    </ClCompile>
    <ClCompile Include="fight.cpp">
      <Filter>Source Files\Utils</Filter>
    </ClCompile>
    <ClCompile Include="Item.cpp">
      <Filter>Source Files\Objects</Filter>
    </ClCompile>
    <ClCompile Include="Inventory.cpp">
      <Filter>Source Files\Objects</Filter>
    </ClCompile>
    <ClCompile Include="ItemSlot.cpp">
      <Filter>Source Files\Objects</Filter>
    </ClCompile>
    <ClCompile Include="LevelExit.cpp">
      <Filter>Source Files\Objects</Filter>
    </ClCompile>
    <ClCompile Include="hintbox.cpp">
      <Filter>Source Files\UI</Filter>
    </ClCompile>
    <ClCompile Include="conversationdata.cpp">
      <Filter>Source Files\UI</Filter>
    </ClCompile>
    <ClCompile Include="SentenceMaker.cpp">
      <Filter>Source Files\UI</Filter>
    </ClCompile>
    <ClCompile Include="PauseMenu.cpp">
      <Filter>Source Files\UI</Filter>
    </ClCompile>
    <ClCompile Include="KeyBindMenu.cpp">
      <Filter>Source Files\UI</Filter>
    </ClCompile>
    <ClCompile Include="Stat.cpp">
      <Filter>Source Files\Utils</Filter>
    </ClCompile>
    <ClCompile Include="app.cpp">
      <Filter>Source Files\Utils</Filter>
    </ClCompile>
    <ClCompile Include="GameSaveMenu.cpp">
      <Filter>Source Files\UI</Filter>
    </ClCompile>
    <ClCompile Include="ModMenu.cpp">
      <Filter>Source Files\UI</Filter>
    </ClCompile>
    <ClCompile Include="SlideShow.cpp">
      <Filter>Source Files\UI</Filter>
    </ClCompile>
    <ClCompile Include="ItemCollection.cpp">
      <Filter>Source Files\Objects</Filter>
    </ClCompile>
    <ClCompile Include="HoverInfo.cpp">
      <Filter>Source Files\UI</Filter>
    </ClCompile>
    <ClCompile Include="Caption.cpp">
      <Filter>Source Files\UI</Filter>
    </ClCompile>
    <ClCompile Include="GameOverMenu.cpp">
      <Filter>Source Files\UI</Filter>
    </ClCompile>
    <ClCompile Include="OptionMenu.cpp">
      <Filter>Source Files\UI</Filter>
    </ClCompile>
    <ClCompile Include="XMLDoc.cpp">
      <Filter>Header Files\rapidxml</Filter>
    </ClCompile>
    <ClCompile Include="VarCondition.cpp">
      <Filter>Source Files\Events</Filter>
    </ClCompile>
    <ClCompile Include="GameParam.cpp">
      <Filter>Source Files\Utils</Filter>
    </ClCompile>
    <ClCompile Include="MusicManager.cpp">
      <Filter>Source Files\Assets</Filter>
    </ClCompile>
    <ClCompile Include="ImageData.cpp">
      <Filter>Source Files\Drawing</Filter>
    </ClCompile>
    <ClCompile Include="TextManager.cpp">
      <Filter>Source Files\Assets</Filter>
    </ClCompile>
    <ClCompile Include="LoadingScreen.cpp">
      <Filter>Source Files\UI</Filter>
    </ClCompile>
    <ClCompile Include="ScreenSettings.cpp">
      <Filter>Source Files\Drawing</Filter>
    </ClCompile>
    <ClCompile Include="ResolutionMenu.cpp">
      <Filter>Source Files\UI</Filter>
    </ClCompile>
    <ClCompile Include="CustomizeMenu.cpp">
      <Filter>Source Files\UI</Filter>
    </ClCompile>
  </ItemGroup>
  <ItemGroup>
    <ClInclude Include="rapidxml\rapidxml.hpp">
      <Filter>Header Files\rapidxml</Filter>
    </ClInclude>
    <ClInclude Include="rapidxml\rapidxml_iterators.hpp">
      <Filter>Header Files\rapidxml</Filter>
    </ClInclude>
    <ClInclude Include="rapidxml\rapidxml_print.hpp">
      <Filter>Header Files\rapidxml</Filter>
    </ClInclude>
    <ClInclude Include="rapidxml\rapidxml_utils.hpp">
      <Filter>Header Files\rapidxml</Filter>
    </ClInclude>
    <ClInclude Include="resource.h">
      <Filter>Header Files</Filter>
    </ClInclude>
    <ClInclude Include="gamestate_container.h">
      <Filter>Header Files\States</Filter>
    </ClInclude>
    <ClInclude Include="gamestates.h">
      <Filter>Header Files\States</Filter>
    </ClInclude>
    <ClInclude Include="mainmenu.h">
      <Filter>Header Files\States</Filter>
    </ClInclude>
    <ClInclude Include="splash.h">
      <Filter>Header Files\States</Filter>
    </ClInclude>
    <ClInclude Include="button.h">
      <Filter>Header Files\UI</Filter>
    </ClInclude>
    <ClInclude Include="cursor.h">
      <Filter>Header Files\UI</Filter>
    </ClInclude>
    <ClInclude Include="menu.h">
      <Filter>Header Files\UI</Filter>
    </ClInclude>
    <ClInclude Include="slider.h">
      <Filter>Header Files\UI</Filter>
    </ClInclude>
    <ClInclude Include="textarea.h">
      <Filter>Header Files\UI</Filter>
    </ClInclude>
    <ClInclude Include="AssetManager.h">
      <Filter>Header Files\Assets</Filter>
    </ClInclude>
    <ClInclude Include="graphics.h">
      <Filter>Header Files\Drawing</Filter>
    </ClInclude>
    <ClInclude Include="timer.h">
      <Filter>Header Files\Utils</Filter>
    </ClInclude>
    <ClInclude Include="loaders.h">
      <Filter>Header Files\Utils</Filter>
    </ClInclude>
    <ClInclude Include="numstr.h">
      <Filter>Header Files\Utils</Filter>
    </ClInclude>
    <ClInclude Include="game.h">
      <Filter>Header Files\States</Filter>
    </ClInclude>
    <ClInclude Include="EventSequence.h">
      <Filter>Header Files\Events</Filter>
    </ClInclude>
    <ClInclude Include="gameevent.h">
      <Filter>Header Files\Events</Filter>
    </ClInclude>
    <ClInclude Include="gameeventmanager.h">
      <Filter>Header Files\Events</Filter>
    </ClInclude>
    <ClInclude Include="level.h">
      <Filter>Header Files\Objects</Filter>
    </ClInclude>
    <ClInclude Include="object.h">
      <Filter>Header Files\Objects</Filter>
    </ClInclude>
    <ClInclude Include="PopUp.h">
      <Filter>Header Files\Objects</Filter>
    </ClInclude>
    <ClInclude Include="sprite.h">
      <Filter>Header Files\Objects</Filter>
    </ClInclude>
    <ClInclude Include="map.h">
      <Filter>Header Files\Objects</Filter>
    </ClInclude>
    <ClInclude Include="animation.h">
      <Filter>Header Files\Drawing</Filter>
    </ClInclude>
    <ClInclude Include="dialogbox.h">
      <Filter>Header Files\UI</Filter>
    </ClInclude>
    <ClInclude Include="Conversation.h">
      <Filter>Header Files\UI</Filter>
    </ClInclude>
    <ClInclude Include="ObjectHandler.h">
      <Filter>Header Files\Objects</Filter>
    </ClInclude>
    <ClInclude Include="hud.h">
      <Filter>Header Files\UI</Filter>
    </ClInclude>
    <ClInclude Include="FightInput.h">
      <Filter>Header Files\Events</Filter>
    </ClInclude>
    <ClInclude Include="LevelLayer.h">
      <Filter>Header Files\Objects</Filter>
    </ClInclude>
    <ClInclude Include="movement.h">
      <Filter>Header Files\Utils</Filter>
    </ClInclude>
    <ClInclude Include="fight.h">
      <Filter>Header Files\Utils</Filter>
    </ClInclude>
    <ClInclude Include="GameObjective.h">
      <Filter>Header Files\Events</Filter>
    </ClInclude>
    <ClInclude Include="inputval.h">
      <Filter>Header Files\Utils</Filter>
    </ClInclude>
    <ClInclude Include="Item.h">
      <Filter>Header Files\Objects</Filter>
    </ClInclude>
    <ClInclude Include="Inventory.h">
      <Filter>Header Files\Objects</Filter>
    </ClInclude>
    <ClInclude Include="ItemSlot.h">
      <Filter>Header Files\Objects</Filter>
    </ClInclude>
    <ClInclude Include="LevelExit.h">
      <Filter>Header Files\Objects</Filter>
    </ClInclude>
    <ClInclude Include="ConversationPref.h">
      <Filter>Header Files\UI</Filter>
    </ClInclude>
    <ClInclude Include="HintBox.h">
      <Filter>Header Files\UI</Filter>
    </ClInclude>
    <ClInclude Include="conversationdata.h">
      <Filter>Header Files\UI</Filter>
    </ClInclude>
    <ClInclude Include="SentenceMaker.h">
      <Filter>Header Files\UI</Filter>
    </ClInclude>
    <ClInclude Include="KeyBindMenu.h">
      <Filter>Header Files\UI</Filter>
    </ClInclude>
    <ClInclude Include="PauseMenu.h">
      <Filter>Header Files\UI</Filter>
    </ClInclude>
    <ClInclude Include="Stat.h">
      <Filter>Header Files\Utils</Filter>
    </ClInclude>
    <ClInclude Include="app.h">
      <Filter>Header Files\Utils</Filter>
    </ClInclude>
    <ClInclude Include="GameClock.h">
      <Filter>Header Files\Utils</Filter>
    </ClInclude>
    <ClInclude Include="GameSaveMenu.h">
      <Filter>Header Files\UI</Filter>
    </ClInclude>
    <ClInclude Include="ModMenu.h">
      <Filter>Header Files\UI</Filter>
    </ClInclude>
    <ClInclude Include="SlideShow.h">
      <Filter>Header Files\UI</Filter>
    </ClInclude>
    <ClInclude Include="ItemCollection.h">
      <Filter>Header Files\Objects</Filter>
    </ClInclude>
    <ClInclude Include="HoverInfo.h">
      <Filter>Header Files\UI</Filter>
    </ClInclude>
    <ClInclude Include="Caption.h">
      <Filter>Header Files\UI</Filter>
    </ClInclude>
    <ClInclude Include="GameOverMenu.h">
      <Filter>Header Files\UI</Filter>
    </ClInclude>
    <ClInclude Include="OptionMenu.h">
      <Filter>Header Files\UI</Filter>
    </ClInclude>
    <ClInclude Include="XMLDoc.h">
      <Filter>Header Files\rapidxml</Filter>
    </ClInclude>
    <ClInclude Include="VarCondition.h">
      <Filter>Header Files\Events</Filter>
    </ClInclude>
    <ClInclude Include="ReplyMenu.h">
      <Filter>Header Files\UI</Filter>
    </ClInclude>
    <ClInclude Include="savefile.h">
      <Filter>Header Files\Utils</Filter>
    </ClInclude>
    <ClInclude Include="GameParam.h">
      <Filter>Header Files\Utils</Filter>
    </ClInclude>
    <ClInclude Include="MusicManager.h">
      <Filter>Header Files\Assets</Filter>
    </ClInclude>
    <ClInclude Include="vectorf.h">
      <Filter>Header Files\Drawing</Filter>
    </ClInclude>
    <ClInclude Include="ImageData.h">
      <Filter>Header Files\Drawing</Filter>
    </ClInclude>
    <ClInclude Include="TextManager.h">
      <Filter>Header Files\Assets</Filter>
    </ClInclude>
    <ClInclude Include="LoadingScreen.h">
      <Filter>Header Files\UI</Filter>
    </ClInclude>
    <ClInclude Include="ScreenSettings.h">
      <Filter>Header Files\Drawing</Filter>
    </ClInclude>
    <ClInclude Include="ResolutionMenu.h">
      <Filter>Header Files\UI</Filter>
    </ClInclude>
    <ClInclude Include="CustomizeMenu.h">
      <Filter>Header Files\UI</Filter>
    </ClInclude>
  </ItemGroup>
  <ItemGroup>
    <ResourceCompile Include="CRAB.rc">
      <Filter>Resource Files</Filter>
    </ResourceCompile>
  </ItemGroup>
  <ItemGroup>
    <None Include="icon1.ico">
      <Filter>Resource Files</Filter>
    </None>
  </ItemGroup>
</Project>